
Microsoft Visual Studio Solution File, Format Version 12.00
# Visual Studio Version 16
VisualStudioVersion = 16.0.29613.14
MinimumVisualStudioVersion = 10.0.40219.1
Project("{FAE04EC0-301F-11D3-BF4B-00C04F79EFBC}") = "WebAPIFetcherClientTest", "WebAPIFetcherClientTest\WebAPIFetcherClientTest.csproj", "{92688C85-7DDF-41BF-910E-C773B14D4820}"
EndProject
Project("{FAE04EC0-301F-11D3-BF4B-00C04F79EFBC}") = "ApiLibary", "ApiLibary\ApiLibary.csproj", "{655A644F-95D5-47D6-8A6D-DBF0C7841B49}"
EndProject
Global
	GlobalSection(SolutionConfigurationPlatforms) = preSolution
		Debug|Any CPU = Debug|Any CPU
		Release|Any CPU = Release|Any CPU
	EndGlobalSection
	GlobalSection(ProjectConfigurationPlatforms) = postSolution
		{92688C85-7DDF-41BF-910E-C773B14D4820}.Debug|Any CPU.ActiveCfg = Debug|Any CPU
		{92688C85-7DDF-41BF-910E-C773B14D4820}.Debug|Any CPU.Build.0 = Debug|Any CPU
		{92688C85-7DDF-41BF-910E-C773B14D4820}.Release|Any CPU.ActiveCfg = Release|Any CPU
		{92688C85-7DDF-41BF-910E-C773B14D4820}.Release|Any CPU.Build.0 = Release|Any CPU
		{655A644F-95D5-47D6-8A6D-DBF0C7841B49}.Debug|Any CPU.ActiveCfg = Debug|Any CPU
		{655A644F-95D5-47D6-8A6D-DBF0C7841B49}.Debug|Any CPU.Build.0 = Debug|Any CPU
		{655A644F-95D5-47D6-8A6D-DBF0C7841B49}.Release|Any CPU.ActiveCfg = Release|Any CPU
		{655A644F-95D5-47D6-8A6D-DBF0C7841B49}.Release|Any CPU.Build.0 = Release|Any CPU
	EndGlobalSection
	GlobalSection(SolutionProperties) = preSolution
		HideSolutionNode = FALSE
	EndGlobalSection
	GlobalSection(ExtensibilityGlobals) = postSolution
		SolutionGuid = {8B999C0F-2013-43AE-9E06-EF41C380CE66}
	EndGlobalSection
EndGlobal
